// !$*UTF8*$!
{
	archiveVersion = 1;
	classes = {
	};
	objectVersion = 56;
	objects = {

/* Begin PBXBuildFile section */
		6CF7AB6A2A2B308200683A6D /* Today_s_PickApp.swift in Sources */ = {isa = PBXBuildFile; fileRef = 6CF7AB692A2B308200683A6D /* Today_s_PickApp.swift */; };
		6CF7AB6C2A2B308200683A6D /* ContentView.swift in Sources */ = {isa = PBXBuildFile; fileRef = 6CF7AB6B2A2B308200683A6D /* ContentView.swift */; };
		6CF7AB6E2A2B308300683A6D /* Assets.xcassets in Resources */ = {isa = PBXBuildFile; fileRef = 6CF7AB6D2A2B308300683A6D /* Assets.xcassets */; };
		6CF7AB712A2B308300683A6D /* Preview Assets.xcassets in Resources */ = {isa = PBXBuildFile; fileRef = 6CF7AB702A2B308300683A6D /* Preview Assets.xcassets */; };
		6CF7AB7B2A2B308300683A6D /* Today_s_PickTests.swift in Sources */ = {isa = PBXBuildFile; fileRef = 6CF7AB7A2A2B308300683A6D /* Today_s_PickTests.swift */; };
		6CF7AB852A2B308300683A6D /* Today_s_PickUITests.swift in Sources */ = {isa = PBXBuildFile; fileRef = 6CF7AB842A2B308300683A6D /* Today_s_PickUITests.swift */; };
		6CF7AB872A2B308300683A6D /* Today_s_PickUITestsLaunchTests.swift in Sources */ = {isa = PBXBuildFile; fileRef = 6CF7AB862A2B308300683A6D /* Today_s_PickUITestsLaunchTests.swift */; };
		8FFADC2FCE06A3EF015C37C0 /* Pods_Today_s_PickTests.framework in Frameworks */ = {isa = PBXBuildFile; fileRef = DF472D2BECB2CAFD6E5874AD /* Pods_Today_s_PickTests.framework */; };
		B4E6C6F29036BD8137732A7E /* Pods_Today_s_PickUITests.framework in Frameworks */ = {isa = PBXBuildFile; fileRef = 9A94E289761DC2FE830AFA3F /* Pods_Today_s_PickUITests.framework */; };
		ED4B134A6CDD962784743204 /* Pods_Today_s_Pick.framework in Frameworks */ = {isa = PBXBuildFile; fileRef = 78E82F160E263D59E765C683 /* Pods_Today_s_Pick.framework */; };
/* End PBXBuildFile section */

/* Begin PBXContainerItemProxy section */
		6CF7AB772A2B308300683A6D /* PBXContainerItemProxy */ = {
			isa = PBXContainerItemProxy;
			containerPortal = 6CF7AB5E2A2B308200683A6D /* Project object */;
			proxyType = 1;
			remoteGlobalIDString = 6CF7AB652A2B308200683A6D;
			remoteInfo = "Today's Pick";
		};
		6CF7AB812A2B308300683A6D /* PBXContainerItemProxy */ = {
			isa = PBXContainerItemProxy;
			containerPortal = 6CF7AB5E2A2B308200683A6D /* Project object */;
			proxyType = 1;
			remoteGlobalIDString = 6CF7AB652A2B308200683A6D;
			remoteInfo = "Today's Pick";
		};
/* End PBXContainerItemProxy section */

/* Begin PBXFileReference section */
		0432A7811133239B27F8F027 /* Pods-Today's Pick-Today's PickUITests.debug.xcconfig */ = {isa = PBXFileReference; includeInIndex = 1; lastKnownFileType = text.xcconfig; name = "Pods-Today's Pick-Today's PickUITests.debug.xcconfig"; path = "Target Support Files/Pods-Today's Pick-Today's PickUITests/Pods-Today's Pick-Today's PickUITests.debug.xcconfig"; sourceTree = "<group>"; };
		6CF7AB662A2B308200683A6D /* Today's Pick.app */ = {isa = PBXFileReference; explicitFileType = wrapper.application; includeInIndex = 0; path = "Today's Pick.app"; sourceTree = BUILT_PRODUCTS_DIR; };
		6CF7AB692A2B308200683A6D /* Today_s_PickApp.swift */ = {isa = PBXFileReference; lastKnownFileType = sourcecode.swift; path = Today_s_PickApp.swift; sourceTree = "<group>"; };
		6CF7AB6B2A2B308200683A6D /* ContentView.swift */ = {isa = PBXFileReference; lastKnownFileType = sourcecode.swift; path = ContentView.swift; sourceTree = "<group>"; };
		6CF7AB6D2A2B308300683A6D /* Assets.xcassets */ = {isa = PBXFileReference; lastKnownFileType = folder.assetcatalog; path = Assets.xcassets; sourceTree = "<group>"; };
		6CF7AB702A2B308300683A6D /* Preview Assets.xcassets */ = {isa = PBXFileReference; lastKnownFileType = folder.assetcatalog; path = "Preview Assets.xcassets"; sourceTree = "<group>"; };
		6CF7AB762A2B308300683A6D /* Today's PickTests.xctest */ = {isa = PBXFileReference; explicitFileType = wrapper.cfbundle; includeInIndex = 0; path = "Today's PickTests.xctest"; sourceTree = BUILT_PRODUCTS_DIR; };
		6CF7AB7A2A2B308300683A6D /* Today_s_PickTests.swift */ = {isa = PBXFileReference; lastKnownFileType = sourcecode.swift; path = Today_s_PickTests.swift; sourceTree = "<group>"; };
		6CF7AB802A2B308300683A6D /* Today's PickUITests.xctest */ = {isa = PBXFileReference; explicitFileType = wrapper.cfbundle; includeInIndex = 0; path = "Today's PickUITests.xctest"; sourceTree = BUILT_PRODUCTS_DIR; };
		6CF7AB842A2B308300683A6D /* Today_s_PickUITests.swift */ = {isa = PBXFileReference; lastKnownFileType = sourcecode.swift; path = Today_s_PickUITests.swift; sourceTree = "<group>"; };
		6CF7AB862A2B308300683A6D /* Today_s_PickUITestsLaunchTests.swift */ = {isa = PBXFileReference; lastKnownFileType = sourcecode.swift; path = Today_s_PickUITestsLaunchTests.swift; sourceTree = "<group>"; };
		77B79F08CA6CC705A2EB74E4 /* Pods-Today's PickUITests.debug.xcconfig */ = {isa = PBXFileReference; includeInIndex = 1; lastKnownFileType = text.xcconfig; name = "Pods-Today's PickUITests.debug.xcconfig"; path = "Target Support Files/Pods-Today's PickUITests/Pods-Today's PickUITests.debug.xcconfig"; sourceTree = "<group>"; };
		78E82F160E263D59E765C683 /* Pods_Today_s_Pick.framework */ = {isa = PBXFileReference; explicitFileType = wrapper.framework; includeInIndex = 0; path = Pods_Today_s_Pick.framework; sourceTree = BUILT_PRODUCTS_DIR; };
		88DD873CDB33ACCCB742DF96 /* Pods-Today's Pick-Today's PickUITests.release.xcconfig */ = {isa = PBXFileReference; includeInIndex = 1; lastKnownFileType = text.xcconfig; name = "Pods-Today's Pick-Today's PickUITests.release.xcconfig"; path = "Target Support Files/Pods-Today's Pick-Today's PickUITests/Pods-Today's Pick-Today's PickUITests.release.xcconfig"; sourceTree = "<group>"; };
		9A94E289761DC2FE830AFA3F /* Pods_Today_s_PickUITests.framework */ = {isa = PBXFileReference; explicitFileType = wrapper.framework; includeInIndex = 0; path = Pods_Today_s_PickUITests.framework; sourceTree = BUILT_PRODUCTS_DIR; };
		B61865F19DF8D50CC78413A3 /* Pods-Today's Pick.debug.xcconfig */ = {isa = PBXFileReference; includeInIndex = 1; lastKnownFileType = text.xcconfig; name = "Pods-Today's Pick.debug.xcconfig"; path = "Target Support Files/Pods-Today's Pick/Pods-Today's Pick.debug.xcconfig"; sourceTree = "<group>"; };
		BDDB165167F216A5FE1F32AB /* Pods-Today's PickTests.release.xcconfig */ = {isa = PBXFileReference; includeInIndex = 1; lastKnownFileType = text.xcconfig; name = "Pods-Today's PickTests.release.xcconfig"; path = "Target Support Files/Pods-Today's PickTests/Pods-Today's PickTests.release.xcconfig"; sourceTree = "<group>"; };
		DF472D2BECB2CAFD6E5874AD /* Pods_Today_s_PickTests.framework */ = {isa = PBXFileReference; explicitFileType = wrapper.framework; includeInIndex = 0; path = Pods_Today_s_PickTests.framework; sourceTree = BUILT_PRODUCTS_DIR; };
		E84F1639F182BD6F234182AF /* Pods-Today's Pick.release.xcconfig */ = {isa = PBXFileReference; includeInIndex = 1; lastKnownFileType = text.xcconfig; name = "Pods-Today's Pick.release.xcconfig"; path = "Target Support Files/Pods-Today's Pick/Pods-Today's Pick.release.xcconfig"; sourceTree = "<group>"; };
		EEC948834FEE4473386BFE70 /* Pods-Today's PickUITests.release.xcconfig */ = {isa = PBXFileReference; includeInIndex = 1; lastKnownFileType = text.xcconfig; name = "Pods-Today's PickUITests.release.xcconfig"; path = "Target Support Files/Pods-Today's PickUITests/Pods-Today's PickUITests.release.xcconfig"; sourceTree = "<group>"; };
		FA3A3E71849C6F25A39BD9DE /* Pods-Today's PickTests.debug.xcconfig */ = {isa = PBXFileReference; includeInIndex = 1; lastKnownFileType = text.xcconfig; name = "Pods-Today's PickTests.debug.xcconfig"; path = "Target Support Files/Pods-Today's PickTests/Pods-Today's PickTests.debug.xcconfig"; sourceTree = "<group>"; };
/* End PBXFileReference section */

/* Begin PBXFrameworksBuildPhase section */
		6CF7AB632A2B308200683A6D /* Frameworks */ = {
			isa = PBXFrameworksBuildPhase;
			buildActionMask = 2147483647;
			files = (
				ED4B134A6CDD962784743204 /* Pods_Today_s_Pick.framework in Frameworks */,
			);
			runOnlyForDeploymentPostprocessing = 0;
		};
		6CF7AB732A2B308300683A6D /* Frameworks */ = {
			isa = PBXFrameworksBuildPhase;
			buildActionMask = 2147483647;
			files = (
				8FFADC2FCE06A3EF015C37C0 /* Pods_Today_s_PickTests.framework in Frameworks */,
			);
			runOnlyForDeploymentPostprocessing = 0;
		};
		6CF7AB7D2A2B308300683A6D /* Frameworks */ = {
			isa = PBXFrameworksBuildPhase;
			buildActionMask = 2147483647;
			files = (
				B4E6C6F29036BD8137732A7E /* Pods_Today_s_PickUITests.framework in Frameworks */,
			);
			runOnlyForDeploymentPostprocessing = 0;
		};
/* End PBXFrameworksBuildPhase section */

/* Begin PBXGroup section */
		6CF7AB5D2A2B308200683A6D = {
			isa = PBXGroup;
			children = (
				6CF7AB682A2B308200683A6D /* Today's Pick */,
				6CF7AB792A2B308300683A6D /* Today's PickTests */,
				6CF7AB832A2B308300683A6D /* Today's PickUITests */,
				6CF7AB672A2B308200683A6D /* Products */,
				B929C7638A1943AA42437DF2 /* Pods */,
				CDC6F55D6D1358F82A681E73 /* Frameworks */,
			);
			sourceTree = "<group>";
		};
		6CF7AB672A2B308200683A6D /* Products */ = {
			isa = PBXGroup;
			children = (
				6CF7AB662A2B308200683A6D /* Today's Pick.app */,
				6CF7AB762A2B308300683A6D /* Today's PickTests.xctest */,
				6CF7AB802A2B308300683A6D /* Today's PickUITests.xctest */,
			);
			name = Products;
			sourceTree = "<group>";
		};
		6CF7AB682A2B308200683A6D /* Today's Pick */ = {
			isa = PBXGroup;
			children = (
				6CF7AB692A2B308200683A6D /* Today_s_PickApp.swift */,
				6CF7AB6B2A2B308200683A6D /* ContentView.swift */,
				6CF7AB6D2A2B308300683A6D /* Assets.xcassets */,
				6CF7AB6F2A2B308300683A6D /* Preview Content */,
			);
			path = "Today's Pick";
			sourceTree = "<group>";
		};
		6CF7AB6F2A2B308300683A6D /* Preview Content */ = {
			isa = PBXGroup;
			children = (
				6CF7AB702A2B308300683A6D /* Preview Assets.xcassets */,
			);
			path = "Preview Content";
			sourceTree = "<group>";
		};
		6CF7AB792A2B308300683A6D /* Today's PickTests */ = {
			isa = PBXGroup;
			children = (
				6CF7AB7A2A2B308300683A6D /* Today_s_PickTests.swift */,
			);
			path = "Today's PickTests";
			sourceTree = "<group>";
		};
		6CF7AB832A2B308300683A6D /* Today's PickUITests */ = {
			isa = PBXGroup;
			children = (
				6CF7AB842A2B308300683A6D /* Today_s_PickUITests.swift */,
				6CF7AB862A2B308300683A6D /* Today_s_PickUITestsLaunchTests.swift */,
			);
			path = "Today's PickUITests";
			sourceTree = "<group>";
		};
		B929C7638A1943AA42437DF2 /* Pods */ = {
			isa = PBXGroup;
			children = (
				B61865F19DF8D50CC78413A3 /* Pods-Today's Pick.debug.xcconfig */,
				E84F1639F182BD6F234182AF /* Pods-Today's Pick.release.xcconfig */,
				0432A7811133239B27F8F027 /* Pods-Today's Pick-Today's PickUITests.debug.xcconfig */,
				88DD873CDB33ACCCB742DF96 /* Pods-Today's Pick-Today's PickUITests.release.xcconfig */,
				FA3A3E71849C6F25A39BD9DE /* Pods-Today's PickTests.debug.xcconfig */,
				BDDB165167F216A5FE1F32AB /* Pods-Today's PickTests.release.xcconfig */,
				77B79F08CA6CC705A2EB74E4 /* Pods-Today's PickUITests.debug.xcconfig */,
				EEC948834FEE4473386BFE70 /* Pods-Today's PickUITests.release.xcconfig */,
			);
			name = Pods;
			path = Pods;
			sourceTree = "<group>";
		};
		CDC6F55D6D1358F82A681E73 /* Frameworks */ = {
			isa = PBXGroup;
			children = (
				78E82F160E263D59E765C683 /* Pods_Today_s_Pick.framework */,
				DF472D2BECB2CAFD6E5874AD /* Pods_Today_s_PickTests.framework */,
				9A94E289761DC2FE830AFA3F /* Pods_Today_s_PickUITests.framework */,
			);
			name = Frameworks;
			sourceTree = "<group>";
		};
/* End PBXGroup section */

/* Begin PBXNativeTarget section */
		6CF7AB652A2B308200683A6D /* Today's Pick */ = {
			isa = PBXNativeTarget;
			buildConfigurationList = 6CF7AB8A2A2B308300683A6D /* Build configuration list for PBXNativeTarget "Today's Pick" */;
			buildPhases = (
				0F88331E5D3D116AF1C0CC48 /* [CP] Check Pods Manifest.lock */,
				6CF7AB622A2B308200683A6D /* Sources */,
				6CF7AB632A2B308200683A6D /* Frameworks */,
				6CF7AB642A2B308200683A6D /* Resources */,
			);
			buildRules = (
			);
			dependencies = (
			);
			name = "Today's Pick";
			productName = "Today's Pick";
			productReference = 6CF7AB662A2B308200683A6D /* Today's Pick.app */;
			productType = "com.apple.product-type.application";
		};
		6CF7AB752A2B308300683A6D /* Today's PickTests */ = {
			isa = PBXNativeTarget;
			buildConfigurationList = 6CF7AB8D2A2B308300683A6D /* Build configuration list for PBXNativeTarget "Today's PickTests" */;
			buildPhases = (
				D43F80B061FF38177ABB7EAA /* [CP] Check Pods Manifest.lock */,
				6CF7AB722A2B308300683A6D /* Sources */,
				6CF7AB732A2B308300683A6D /* Frameworks */,
				6CF7AB742A2B308300683A6D /* Resources */,
				FCF45F0FF50E31A03CB910E8 /* [CP] Embed Pods Frameworks */,
			);
			buildRules = (
			);
			dependencies = (
				6CF7AB782A2B308300683A6D /* PBXTargetDependency */,
			);
			name = "Today's PickTests";
			productName = "Today's PickTests";
			productReference = 6CF7AB762A2B308300683A6D /* Today's PickTests.xctest */;
			productType = "com.apple.product-type.bundle.unit-test";
		};
		6CF7AB7F2A2B308300683A6D /* Today's PickUITests */ = {
			isa = PBXNativeTarget;
			buildConfigurationList = 6CF7AB902A2B308300683A6D /* Build configuration list for PBXNativeTarget "Today's PickUITests" */;
			buildPhases = (
				5A7C47824B60D74CE5D1700A /* [CP] Check Pods Manifest.lock */,
				6CF7AB7C2A2B308300683A6D /* Sources */,
				6CF7AB7D2A2B308300683A6D /* Frameworks */,
				6CF7AB7E2A2B308300683A6D /* Resources */,
				A518AFBCF7C9B35B64B1FBDB /* [CP] Embed Pods Frameworks */,
			);
			buildRules = (
			);
			dependencies = (
				6CF7AB822A2B308300683A6D /* PBXTargetDependency */,
			);
			name = "Today's PickUITests";
			productName = "Today's PickUITests";
			productReference = 6CF7AB802A2B308300683A6D /* Today's PickUITests.xctest */;
			productType = "com.apple.product-type.bundle.ui-testing";
		};
/* End PBXNativeTarget section */

/* Begin PBXProject section */
		6CF7AB5E2A2B308200683A6D /* Project object */ = {
			isa = PBXProject;
			attributes = {
				BuildIndependentTargetsInParallel = 1;
				LastSwiftUpdateCheck = 1430;
				LastUpgradeCheck = 1430;
				TargetAttributes = {
					6CF7AB652A2B308200683A6D = {
						CreatedOnToolsVersion = 14.3;
					};
					6CF7AB752A2B308300683A6D = {
						CreatedOnToolsVersion = 14.3;
						TestTargetID = 6CF7AB652A2B308200683A6D;
					};
					6CF7AB7F2A2B308300683A6D = {
						CreatedOnToolsVersion = 14.3;
						TestTargetID = 6CF7AB652A2B308200683A6D;
					};
				};
			};
			buildConfigurationList = 6CF7AB612A2B308200683A6D /* Build configuration list for PBXProject "Today's Pick" */;
			compatibilityVersion = "Xcode 14.0";
			developmentRegion = en;
			hasScannedForEncodings = 0;
			knownRegions = (
				en,
				Base,
			);
			mainGroup = 6CF7AB5D2A2B308200683A6D;
			productRefGroup = 6CF7AB672A2B308200683A6D /* Products */;
			projectDirPath = "";
			projectRoot = "";
			targets = (
				6CF7AB652A2B308200683A6D /* Today's Pick */,
				6CF7AB752A2B308300683A6D /* Today's PickTests */,
				6CF7AB7F2A2B308300683A6D /* Today's PickUITests */,
			);
		};
/* End PBXProject section */

/* Begin PBXResourcesBuildPhase section */
		6CF7AB642A2B308200683A6D /* Resources */ = {
			isa = PBXResourcesBuildPhase;
			buildActionMask = 2147483647;
			files = (
				6CF7AB712A2B308300683A6D /* Preview Assets.xcassets in Resources */,
				6CF7AB6E2A2B308300683A6D /* Assets.xcassets in Resources */,
			);
			runOnlyForDeploymentPostprocessing = 0;
		};
		6CF7AB742A2B308300683A6D /* Resources */ = {
			isa = PBXResourcesBuildPhase;
			buildActionMask = 2147483647;
			files = (
			);
			runOnlyForDeploymentPostprocessing = 0;
		};
		6CF7AB7E2A2B308300683A6D /* Resources */ = {
			isa = PBXResourcesBuildPhase;
			buildActionMask = 2147483647;
			files = (
			);
			runOnlyForDeploymentPostprocessing = 0;
		};
/* End PBXResourcesBuildPhase section */

/* Begin PBXShellScriptBuildPhase section */
		0F88331E5D3D116AF1C0CC48 /* [CP] Check Pods Manifest.lock */ = {
			isa = PBXShellScriptBuildPhase;
			buildActionMask = 2147483647;
			files = (
			);
			inputFileListPaths = (
			);
			inputPaths = (
				"${PODS_PODFILE_DIR_PATH}/Podfile.lock",
				"${PODS_ROOT}/Manifest.lock",
			);
			name = "[CP] Check Pods Manifest.lock";
			outputFileListPaths = (
			);
			outputPaths = (
				"$(DERIVED_FILE_DIR)/Pods-Today's Pick-checkManifestLockResult.txt",
			);
			runOnlyForDeploymentPostprocessing = 0;
			shellPath = /bin/sh;
			shellScript = "diff \"${PODS_PODFILE_DIR_PATH}/Podfile.lock\" \"${PODS_ROOT}/Manifest.lock\" > /dev/null\nif [ $? != 0 ] ; then\n    # print error to STDERR\n    echo \"error: The sandbox is not in sync with the Podfile.lock. Run 'pod install' or update your CocoaPods installation.\" >&2\n    exit 1\nfi\n# This output is used by Xcode 'outputs' to avoid re-running this script phase.\necho \"SUCCESS\" > \"${SCRIPT_OUTPUT_FILE_0}\"\n";
			showEnvVarsInLog = 0;
		};
		5A7C47824B60D74CE5D1700A /* [CP] Check Pods Manifest.lock */ = {
			isa = PBXShellScriptBuildPhase;
			buildActionMask = 2147483647;
			files = (
			);
			inputFileListPaths = (
			);
			inputPaths = (
				"${PODS_PODFILE_DIR_PATH}/Podfile.lock",
				"${PODS_ROOT}/Manifest.lock",
			);
			name = "[CP] Check Pods Manifest.lock";
			outputFileListPaths = (
			);
			outputPaths = (
				"$(DERIVED_FILE_DIR)/Pods-Today's PickUITests-checkManifestLockResult.txt",
			);
			runOnlyForDeploymentPostprocessing = 0;
			shellPath = /bin/sh;
			shellScript = "diff \"${PODS_PODFILE_DIR_PATH}/Podfile.lock\" \"${PODS_ROOT}/Manifest.lock\" > /dev/null\nif [ $? != 0 ] ; then\n    # print error to STDERR\n    echo \"error: The sandbox is not in sync with the Podfile.lock. Run 'pod install' or update your CocoaPods installation.\" >&2\n    exit 1\nfi\n# This output is used by Xcode 'outputs' to avoid re-running this script phase.\necho \"SUCCESS\" > \"${SCRIPT_OUTPUT_FILE_0}\"\n";
			showEnvVarsInLog = 0;
		};
		A518AFBCF7C9B35B64B1FBDB /* [CP] Embed Pods Frameworks */ = {
			isa = PBXShellScriptBuildPhase;
			buildActionMask = 2147483647;
			files = (
			);
			inputFileListPaths = (
				"${PODS_ROOT}/Target Support Files/Pods-Today's PickUITests/Pods-Today's PickUITests-frameworks-${CONFIGURATION}-input-files.xcfilelist",
			);
			name = "[CP] Embed Pods Frameworks";
			outputFileListPaths = (
				"${PODS_ROOT}/Target Support Files/Pods-Today's PickUITests/Pods-Today's PickUITests-frameworks-${CONFIGURATION}-output-files.xcfilelist",
			);
			runOnlyForDeploymentPostprocessing = 0;
			shellPath = /bin/sh;
			shellScript = "\"${PODS_ROOT}/Target Support Files/Pods-Today's PickUITests/Pods-Today's PickUITests-frameworks.sh\"\n";
			showEnvVarsInLog = 0;
		};
		D43F80B061FF38177ABB7EAA /* [CP] Check Pods Manifest.lock */ = {
			isa = PBXShellScriptBuildPhase;
			buildActionMask = 2147483647;
			files = (
			);
			inputFileListPaths = (
			);
			inputPaths = (
				"${PODS_PODFILE_DIR_PATH}/Podfile.lock",
				"${PODS_ROOT}/Manifest.lock",
			);
			name = "[CP] Check Pods Manifest.lock";
			outputFileListPaths = (
			);
			outputPaths = (
				"$(DERIVED_FILE_DIR)/Pods-Today's PickTests-checkManifestLockResult.txt",
			);
			runOnlyForDeploymentPostprocessing = 0;
			shellPath = /bin/sh;
			shellScript = "diff \"${PODS_PODFILE_DIR_PATH}/Podfile.lock\" \"${PODS_ROOT}/Manifest.lock\" > /dev/null\nif [ $? != 0 ] ; then\n    # print error to STDERR\n    echo \"error: The sandbox is not in sync with the Podfile.lock. Run 'pod install' or update your CocoaPods installation.\" >&2\n    exit 1\nfi\n# This output is used by Xcode 'outputs' to avoid re-running this script phase.\necho \"SUCCESS\" > \"${SCRIPT_OUTPUT_FILE_0}\"\n";
			showEnvVarsInLog = 0;
		};
		FCF45F0FF50E31A03CB910E8 /* [CP] Embed Pods Frameworks */ = {
			isa = PBXShellScriptBuildPhase;
			buildActionMask = 2147483647;
			files = (
			);
			inputFileListPaths = (
				"${PODS_ROOT}/Target Support Files/Pods-Today's PickTests/Pods-Today's PickTests-frameworks-${CONFIGURATION}-input-files.xcfilelist",
			);
			name = "[CP] Embed Pods Frameworks";
			outputFileListPaths = (
				"${PODS_ROOT}/Target Support Files/Pods-Today's PickTests/Pods-Today's PickTests-frameworks-${CONFIGURATION}-output-files.xcfilelist",
			);
			runOnlyForDeploymentPostprocessing = 0;
			shellPath = /bin/sh;
			shellScript = "\"${PODS_ROOT}/Target Support Files/Pods-Today's PickTests/Pods-Today's PickTests-frameworks.sh\"\n";
			showEnvVarsInLog = 0;
		};
/* End PBXShellScriptBuildPhase section */

/* Begin PBXSourcesBuildPhase section */
		6CF7AB622A2B308200683A6D /* Sources */ = {
			isa = PBXSourcesBuildPhase;
			buildActionMask = 2147483647;
			files = (
				6CF7AB6C2A2B308200683A6D /* ContentView.swift in Sources */,
				6CF7AB6A2A2B308200683A6D /* Today_s_PickApp.swift in Sources */,
			);
			runOnlyForDeploymentPostprocessing = 0;
		};
		6CF7AB722A2B308300683A6D /* Sources */ = {
			isa = PBXSourcesBuildPhase;
			buildActionMask = 2147483647;
			files = (
				6CF7AB7B2A2B308300683A6D /* Today_s_PickTests.swift in Sources */,
			);
			runOnlyForDeploymentPostprocessing = 0;
		};
		6CF7AB7C2A2B308300683A6D /* Sources */ = {
			isa = PBXSourcesBuildPhase;
			buildActionMask = 2147483647;
			files = (
				6CF7AB852A2B308300683A6D /* Today_s_PickUITests.swift in Sources */,
				6CF7AB872A2B308300683A6D /* Today_s_PickUITestsLaunchTests.swift in Sources */,
			);
			runOnlyForDeploymentPostprocessing = 0;
		};
/* End PBXSourcesBuildPhase section */

/* Begin PBXTargetDependency section */
		6CF7AB782A2B308300683A6D /* PBXTargetDependency */ = {
			isa = PBXTargetDependency;
			target = 6CF7AB652A2B308200683A6D /* Today's Pick */;
			targetProxy = 6CF7AB772A2B308300683A6D /* PBXContainerItemProxy */;
		};
		6CF7AB822A2B308300683A6D /* PBXTargetDependency */ = {
			isa = PBXTargetDependency;
			target = 6CF7AB652A2B308200683A6D /* Today's Pick */;
			targetProxy = 6CF7AB812A2B308300683A6D /* PBXContainerItemProxy */;
		};
/* End PBXTargetDependency section */

/* Begin XCBuildConfiguration section */
		6CF7AB882A2B308300683A6D /* Debug */ = {
			isa = XCBuildConfiguration;
			buildSettings = {
				ALWAYS_SEARCH_USER_PATHS = NO;
				CLANG_ANALYZER_NONNULL = YES;
				CLANG_ANALYZER_NUMBER_OBJECT_CONVERSION = YES_AGGRESSIVE;
				CLANG_CXX_LANGUAGE_STANDARD = "gnu++20";
				CLANG_ENABLE_MODULES = YES;
				CLANG_ENABLE_OBJC_ARC = YES;
				CLANG_ENABLE_OBJC_WEAK = YES;
				CLANG_WARN_BLOCK_CAPTURE_AUTORELEASING = YES;
				CLANG_WARN_BOOL_CONVERSION = YES;
				CLANG_WARN_COMMA = YES;
				CLANG_WARN_CONSTANT_CONVERSION = YES;
				CLANG_WARN_DEPRECATED_OBJC_IMPLEMENTATIONS = YES;
				CLANG_WARN_DIRECT_OBJC_ISA_USAGE = YES_ERROR;
				CLANG_WARN_DOCUMENTATION_COMMENTS = YES;
				CLANG_WARN_EMPTY_BODY = YES;
				CLANG_WARN_ENUM_CONVERSION = YES;
				CLANG_WARN_INFINITE_RECURSION = YES;
				CLANG_WARN_INT_CONVERSION = YES;
				CLANG_WARN_NON_LITERAL_NULL_CONVERSION = YES;
				CLANG_WARN_OBJC_IMPLICIT_RETAIN_SELF = YES;
				CLANG_WARN_OBJC_LITERAL_CONVERSION = YES;
				CLANG_WARN_OBJC_ROOT_CLASS = YES_ERROR;
				CLANG_WARN_QUOTED_INCLUDE_IN_FRAMEWORK_HEADER = YES;
				CLANG_WARN_RANGE_LOOP_ANALYSIS = YES;
				CLANG_WARN_STRICT_PROTOTYPES = YES;
				CLANG_WARN_SUSPICIOUS_MOVE = YES;
				CLANG_WARN_UNGUARDED_AVAILABILITY = YES_AGGRESSIVE;
				CLANG_WARN_UNREACHABLE_CODE = YES;
				CLANG_WARN__DUPLICATE_METHOD_MATCH = YES;
				COPY_PHASE_STRIP = NO;
				DEBUG_INFORMATION_FORMAT = dwarf;
				ENABLE_STRICT_OBJC_MSGSEND = YES;
				ENABLE_TESTABILITY = YES;
				GCC_C_LANGUAGE_STANDARD = gnu11;
				GCC_DYNAMIC_NO_PIC = NO;
				GCC_NO_COMMON_BLOCKS = YES;
				GCC_OPTIMIZATION_LEVEL = 0;
				GCC_PREPROCESSOR_DEFINITIONS = (
					"DEBUG=1",
					"$(inherited)",
				);
				GCC_WARN_64_TO_32_BIT_CONVERSION = YES;
				GCC_WARN_ABOUT_RETURN_TYPE = YES_ERROR;
				GCC_WARN_UNDECLARED_SELECTOR = YES;
				GCC_WARN_UNINITIALIZED_AUTOS = YES_AGGRESSIVE;
				GCC_WARN_UNUSED_FUNCTION = YES;
				GCC_WARN_UNUSED_VARIABLE = YES;
				IPHONEOS_DEPLOYMENT_TARGET = 16.4;
				MTL_ENABLE_DEBUG_INFO = INCLUDE_SOURCE;
				MTL_FAST_MATH = YES;
				ONLY_ACTIVE_ARCH = YES;
				SDKROOT = iphoneos;
				SWIFT_ACTIVE_COMPILATION_CONDITIONS = DEBUG;
				SWIFT_OPTIMIZATION_LEVEL = "-Onone";
			};
			name = Debug;
		};
		6CF7AB892A2B308300683A6D /* Release */ = {
			isa = XCBuildConfiguration;
			buildSettings = {
				ALWAYS_SEARCH_USER_PATHS = NO;
				CLANG_ANALYZER_NONNULL = YES;
				CLANG_ANALYZER_NUMBER_OBJECT_CONVERSION = YES_AGGRESSIVE;
				CLANG_CXX_LANGUAGE_STANDARD = "gnu++20";
				CLANG_ENABLE_MODULES = YES;
				CLANG_ENABLE_OBJC_ARC = YES;
				CLANG_ENABLE_OBJC_WEAK = YES;
				CLANG_WARN_BLOCK_CAPTURE_AUTORELEASING = YES;
				CLANG_WARN_BOOL_CONVERSION = YES;
				CLANG_WARN_COMMA = YES;
				CLANG_WARN_CONSTANT_CONVERSION = YES;
				CLANG_WARN_DEPRECATED_OBJC_IMPLEMENTATIONS = YES;
				CLANG_WARN_DIRECT_OBJC_ISA_USAGE = YES_ERROR;
				CLANG_WARN_DOCUMENTATION_COMMENTS = YES;
				CLANG_WARN_EMPTY_BODY = YES;
				CLANG_WARN_ENUM_CONVERSION = YES;
				CLANG_WARN_INFINITE_RECURSION = YES;
				CLANG_WARN_INT_CONVERSION = YES;
				CLANG_WARN_NON_LITERAL_NULL_CONVERSION = YES;
				CLANG_WARN_OBJC_IMPLICIT_RETAIN_SELF = YES;
				CLANG_WARN_OBJC_LITERAL_CONVERSION = YES;
				CLANG_WARN_OBJC_ROOT_CLASS = YES_ERROR;
				CLANG_WARN_QUOTED_INCLUDE_IN_FRAMEWORK_HEADER = YES;
				CLANG_WARN_RANGE_LOOP_ANALYSIS = YES;
				CLANG_WARN_STRICT_PROTOTYPES = YES;
				CLANG_WARN_SUSPICIOUS_MOVE = YES;
				CLANG_WARN_UNGUARDED_AVAILABILITY = YES_AGGRESSIVE;
				CLANG_WARN_UNREACHABLE_CODE = YES;
				CLANG_WARN__DUPLICATE_METHOD_MATCH = YES;
				COPY_PHASE_STRIP = NO;
				DEBUG_INFORMATION_FORMAT = "dwarf-with-dsym";
				ENABLE_NS_ASSERTIONS = NO;
				ENABLE_STRICT_OBJC_MSGSEND = YES;
				GCC_C_LANGUAGE_STANDARD = gnu11;
				GCC_NO_COMMON_BLOCKS = YES;
				GCC_WARN_64_TO_32_BIT_CONVERSION = YES;
				GCC_WARN_ABOUT_RETURN_TYPE = YES_ERROR;
				GCC_WARN_UNDECLARED_SELECTOR = YES;
				GCC_WARN_UNINITIALIZED_AUTOS = YES_AGGRESSIVE;
				GCC_WARN_UNUSED_FUNCTION = YES;
				GCC_WARN_UNUSED_VARIABLE = YES;
				IPHONEOS_DEPLOYMENT_TARGET = 16.4;
				MTL_ENABLE_DEBUG_INFO = NO;
				MTL_FAST_MATH = YES;
				SDKROOT = iphoneos;
				SWIFT_COMPILATION_MODE = wholemodule;
				SWIFT_OPTIMIZATION_LEVEL = "-O";
				VALIDATE_PRODUCT = YES;
			};
			name = Release;
		};
		6CF7AB8B2A2B308300683A6D /* Debug */ = {
			isa = XCBuildConfiguration;
			baseConfigurationReference = B61865F19DF8D50CC78413A3 /* Pods-Today's Pick.debug.xcconfig */;
			buildSettings = {
				ASSETCATALOG_COMPILER_APPICON_NAME = AppIcon;
				ASSETCATALOG_COMPILER_GLOBAL_ACCENT_COLOR_NAME = AccentColor;
				CODE_SIGN_STYLE = Automatic;
				CURRENT_PROJECT_VERSION = 1;
				DEVELOPMENT_ASSET_PATHS = "\"Today's Pick/Preview Content\"";
				DEVELOPMENT_TEAM = CT6NFX8K3K;
				ENABLE_PREVIEWS = YES;
				GENERATE_INFOPLIST_FILE = YES;
				INFOPLIST_KEY_UIApplicationSceneManifest_Generation = YES;
				INFOPLIST_KEY_UIApplicationSupportsIndirectInputEvents = YES;
				INFOPLIST_KEY_UILaunchScreen_Generation = YES;
				INFOPLIST_KEY_UISupportedInterfaceOrientations_iPad = "UIInterfaceOrientationPortrait UIInterfaceOrientationPortraitUpsideDown UIInterfaceOrientationLandscapeLeft UIInterfaceOrientationLandscapeRight";
				INFOPLIST_KEY_UISupportedInterfaceOrientations_iPhone = "UIInterfaceOrientationPortrait UIInterfaceOrientationLandscapeLeft UIInterfaceOrientationLandscapeRight";
				LD_RUNPATH_SEARCH_PATHS = (
					"$(inherited)",
					"@executable_path/Frameworks",
				);
				MARKETING_VERSION = 1.0;
				PRODUCT_BUNDLE_IDENTIFIER = "com.tamra.Today-s-Pick";
				PRODUCT_NAME = "$(TARGET_NAME)";
				SWIFT_EMIT_LOC_STRINGS = YES;
				SWIFT_VERSION = 5.0;
				TARGETED_DEVICE_FAMILY = "1,2";
			};
			name = Debug;
		};
		6CF7AB8C2A2B308300683A6D /* Release */ = {
			isa = XCBuildConfiguration;
			baseConfigurationReference = E84F1639F182BD6F234182AF /* Pods-Today's Pick.release.xcconfig */;
			buildSettings = {
				ASSETCATALOG_COMPILER_APPICON_NAME = AppIcon;
				ASSETCATALOG_COMPILER_GLOBAL_ACCENT_COLOR_NAME = AccentColor;
				CODE_SIGN_STYLE = Automatic;
				CURRENT_PROJECT_VERSION = 1;
				DEVELOPMENT_ASSET_PATHS = "\"Today's Pick/Preview Content\"";
				DEVELOPMENT_TEAM = CT6NFX8K3K;
				ENABLE_PREVIEWS = YES;
				GENERATE_INFOPLIST_FILE = YES;
				INFOPLIST_KEY_UIApplicationSceneManifest_Generation = YES;
				INFOPLIST_KEY_UIApplicationSupportsIndirectInputEvents = YES;
				INFOPLIST_KEY_UILaunchScreen_Generation = YES;
				INFOPLIST_KEY_UISupportedInterfaceOrientations_iPad = "UIInterfaceOrientationPortrait UIInterfaceOrientationPortraitUpsideDown UIInterfaceOrientationLandscapeLeft UIInterfaceOrientationLandscapeRight";
				INFOPLIST_KEY_UISupportedInterfaceOrientations_iPhone = "UIInterfaceOrientationPortrait UIInterfaceOrientationLandscapeLeft UIInterfaceOrientationLandscapeRight";
				LD_RUNPATH_SEARCH_PATHS = (
					"$(inherited)",
					"@executable_path/Frameworks",
				);
				MARKETING_VERSION = 1.0;
				PRODUCT_BUNDLE_IDENTIFIER = "com.tamra.Today-s-Pick";
				PRODUCT_NAME = "$(TARGET_NAME)";
				SWIFT_EMIT_LOC_STRINGS = YES;
				SWIFT_VERSION = 5.0;
				TARGETED_DEVICE_FAMILY = "1,2";
			};
			name = Release;
		};
		6CF7AB8E2A2B308300683A6D /* Debug */ = {
			isa = XCBuildConfiguration;
			baseConfigurationReference = FA3A3E71849C6F25A39BD9DE /* Pods-Today's PickTests.debug.xcconfig */;
			buildSettings = {
				ALWAYS_EMBED_SWIFT_STANDARD_LIBRARIES = YES;
				BUNDLE_LOADER = "$(TEST_HOST)";
				CODE_SIGN_STYLE = Automatic;
				CURRENT_PROJECT_VERSION = 1;
				DEVELOPMENT_TEAM = CT6NFX8K3K;
				GENERATE_INFOPLIST_FILE = YES;
				IPHONEOS_DEPLOYMENT_TARGET = 16.4;
				MARKETING_VERSION = 1.0;
				PRODUCT_BUNDLE_IDENTIFIER = "com.tamra.Today-s-PickTests";
				PRODUCT_NAME = "$(TARGET_NAME)";
				SWIFT_EMIT_LOC_STRINGS = NO;
				SWIFT_VERSION = 5.0;
				TARGETED_DEVICE_FAMILY = "1,2";
				TEST_HOST = "$(BUILT_PRODUCTS_DIR)/Today's Pick.app/$(BUNDLE_EXECUTABLE_FOLDER_PATH)/Today's Pick";
			};
			name = Debug;
		};
		6CF7AB8F2A2B308300683A6D /* Release */ = {
			isa = XCBuildConfiguration;
			baseConfigurationReference = BDDB165167F216A5FE1F32AB /* Pods-Today's PickTests.release.xcconfig */;
			buildSettings = {
				ALWAYS_EMBED_SWIFT_STANDARD_LIBRARIES = YES;
				BUNDLE_LOADER = "$(TEST_HOST)";
				CODE_SIGN_STYLE = Automatic;
				CURRENT_PROJECT_VERSION = 1;
				DEVELOPMENT_TEAM = CT6NFX8K3K;
				GENERATE_INFOPLIST_FILE = YES;
				IPHONEOS_DEPLOYMENT_TARGET = 16.4;
				MARKETING_VERSION = 1.0;
				PRODUCT_BUNDLE_IDENTIFIER = "com.tamra.Today-s-PickTests";
				PRODUCT_NAME = "$(TARGET_NAME)";
				SWIFT_EMIT_LOC_STRINGS = NO;
				SWIFT_VERSION = 5.0;
				TARGETED_DEVICE_FAMILY = "1,2";
				TEST_HOST = "$(BUILT_PRODUCTS_DIR)/Today's Pick.app/$(BUNDLE_EXECUTABLE_FOLDER_PATH)/Today's Pick";
			};
			name = Release;
		};
		6CF7AB912A2B308300683A6D /* Debug */ = {
			isa = XCBuildConfiguration;
			baseConfigurationReference = 77B79F08CA6CC705A2EB74E4 /* Pods-Today's PickUITests.debug.xcconfig */;
			buildSettings = {
				ALWAYS_EMBED_SWIFT_STANDARD_LIBRARIES = YES;
				CODE_SIGN_STYLE = Automatic;
				CURRENT_PROJECT_VERSION = 1;
				DEVELOPMENT_TEAM = CT6NFX8K3K;
				GENERATE_INFOPLIST_FILE = YES;
				MARKETING_VERSION = 1.0;
				PRODUCT_BUNDLE_IDENTIFIER = "com.tamra.Today-s-PickUITests";
				PRODUCT_NAME = "$(TARGET_NAME)";
				SWIFT_EMIT_LOC_STRINGS = NO;
				SWIFT_VERSION = 5.0;
				TARGETED_DEVICE_FAMILY = "1,2";
				TEST_TARGET_NAME = "Today's Pick";
			};
			name = Debug;
		};
		6CF7AB922A2B308300683A6D /* Release */ = {
			isa = XCBuildConfiguration;
			baseConfigurationReference = EEC948834FEE4473386BFE70 /* Pods-Today's PickUITests.release.xcconfig */;
			buildSettings = {
				ALWAYS_EMBED_SWIFT_STANDARD_LIBRARIES = YES;
				CODE_SIGN_STYLE = Automatic;
				CURRENT_PROJECT_VERSION = 1;
				DEVELOPMENT_TEAM = CT6NFX8K3K;
				GENERATE_INFOPLIST_FILE = YES;
				MARKETING_VERSION = 1.0;
				PRODUCT_BUNDLE_IDENTIFIER = "com.tamra.Today-s-PickUITests";
				PRODUCT_NAME = "$(TARGET_NAME)";
				SWIFT_EMIT_LOC_STRINGS = NO;
				SWIFT_VERSION = 5.0;
				TARGETED_DEVICE_FAMILY = "1,2";
				TEST_TARGET_NAME = "Today's Pick";
			};
			name = Release;
		};
/* End XCBuildConfiguration section */

/* Begin XCConfigurationList section */
		6CF7AB612A2B308200683A6D /* Build configuration list for PBXProject "Today's Pick" */ = {
			isa = XCConfigurationList;
			buildConfigurations = (
				6CF7AB882A2B308300683A6D /* Debug */,
				6CF7AB892A2B308300683A6D /* Release */,
			);
			defaultConfigurationIsVisible = 0;
			defaultConfigurationName = Release;
		};
		6CF7AB8A2A2B308300683A6D /* Build configuration list for PBXNativeTarget "Today's Pick" */ = {
			isa = XCConfigurationList;
			buildConfigurations = (
				6CF7AB8B2A2B308300683A6D /* Debug */,
				6CF7AB8C2A2B308300683A6D /* Release */,
			);
			defaultConfigurationIsVisible = 0;
			defaultConfigurationName = Release;
		};
		6CF7AB8D2A2B308300683A6D /* Build configuration list for PBXNativeTarget "Today's PickTests" */ = {
			isa = XCConfigurationList;
			buildConfigurations = (
				6CF7AB8E2A2B308300683A6D /* Debug */,
				6CF7AB8F2A2B308300683A6D /* Release */,
			);
			defaultConfigurationIsVisible = 0;
			defaultConfigurationName = Release;
		};
		6CF7AB902A2B308300683A6D /* Build configuration list for PBXNativeTarget "Today's PickUITests" */ = {
			isa = XCConfigurationList;
			buildConfigurations = (
				6CF7AB912A2B308300683A6D /* Debug */,
				6CF7AB922A2B308300683A6D /* Release */,
			);
			defaultConfigurationIsVisible = 0;
			defaultConfigurationName = Release;
		};
/* End XCConfigurationList section */
	};
	rootObject = 6CF7AB5E2A2B308200683A6D /* Project object */;
}
